{
  "name": "igp-system",
  "lockfileVersion": 3,
  "requires": true,
  "packages": {
    "": {
      "dependencies": {
        "bootstrap": "^5.3.2",
        "bootstrap-icons": "^1.11.2",
        "datatables.net": "^1.13.8",
        "datatables.net-dt": "^1.13.8",
        "datatables.net-responsive": "^2.5.0",
        "jquery": "^3.7.1",
        "morris": "^0.1.4",
        "morris.js": "^0.5.0",
        "raphael": "^2.3.0"
      }
    },
    "node_modules/@popperjs/core": {
      "version": "2.11.8",
      "resolved": "https://registry.npmjs.org/@popperjs/core/-/core-2.11.8.tgz",
      "integrity": "sha512-P1st0aksCrn9sGZhp8GMYwBnQsbvAWsZAX44oXNNvLHGqAOcoVxmjZiohstwQ7SqKnbR47akdNi+uleWD8+g6A==",
      "peer": true,
      "funding": {
        "type": "opencollective",
        "url": "https://opencollective.com/popperjs"
      }
    },
    "node_modules/bootstrap": {
      "version": "5.3.2",
      "resolved": "https://registry.npmjs.org/bootstrap/-/bootstrap-5.3.2.tgz",
      "integrity": "sha512-D32nmNWiQHo94BKHLmOrdjlL05q1c8oxbtBphQFb9Z5to6eGRDCm0QgeaZ4zFBHzfg2++rqa2JkqCcxDy0sH0g==",
      "funding": [
        {
          "type": "github",
          "url": "https://github.com/sponsors/twbs"
        },
        {
          "type": "opencollective",
          "url": "https://opencollective.com/bootstrap"
        }
      ],
      "peerDependencies": {
        "@popperjs/core": "^2.11.8"
      }
    },
    "node_modules/bootstrap-icons": {
      "version": "1.11.2",
      "resolved": "https://registry.npmjs.org/bootstrap-icons/-/bootstrap-icons-1.11.2.tgz",
      "integrity": "sha512-TgdiPv+IM9tgDb+dsxrnGIyocsk85d2M7T0qIgkvPedZeoZfyeG/j+yiAE4uHCEayKef2RP05ahQ0/e9Sv75Wg==",
      "funding": [
        {
          "type": "github",
          "url": "https://github.com/sponsors/twbs"
        },
        {
          "type": "opencollective",
          "url": "https://opencollective.com/bootstrap"
        }
      ]
    },
    "node_modules/datatables.net": {
      "version": "1.13.8",
      "resolved": "https://registry.npmjs.org/datatables.net/-/datatables.net-1.13.8.tgz",
      "integrity": "sha512-2pDamr+GUwPTby2OgriVB9dR9ftFKD2AQyiuCXzZIiG4d9KkKFQ7gqPfNmG7uj9Tc5kDf+rGj86do4LAb/V71g==",
      "dependencies": {
        "jquery": ">=1.7"
      }
    },
    "node_modules/datatables.net-dt": {
      "version": "1.13.8",
      "resolved": "https://registry.npmjs.org/datatables.net-dt/-/datatables.net-dt-1.13.8.tgz",
      "integrity": "sha512-/ZPzr1hQ+domerlg/MbcQHqeeqxK9fsZmpRs1YeKxsdfr+UyHQTUiiOO7RqekppSLc7MPqxGnzKkCX9vAgqm0w==",
      "dependencies": {
        "datatables.net": "1.13.8",
        "jquery": ">=1.7"
      }
    },
    "node_modules/datatables.net-responsive": {
      "version": "2.5.0",
      "resolved": "https://registry.npmjs.org/datatables.net-responsive/-/datatables.net-responsive-2.5.0.tgz",
      "integrity": "sha512-GL7DFiRl5qqrp5ql54Psz92xTGPR0rMcrO3hzNxMfvcfpRGL5zFNTvMpTUh59Erm6u1+KoX+j+Ig1ZD3r0iFsA==",
      "dependencies": {
        "datatables.net": ">=1.13.4",
        "jquery": ">=1.7"
      }
    },
    "node_modules/eve-raphael": {
      "version": "0.5.0",
      "resolved": "https://registry.npmjs.org/eve-raphael/-/eve-raphael-0.5.0.tgz",
      "integrity": "sha512-jrxnPsCGqng1UZuEp9DecX/AuSyAszATSjf4oEcRxvfxa1Oux4KkIPKBAAWWnpdwfARtr+Q0o9aPYWjsROD7ug=="
    },
    "node_modules/jquery": {
      "version": "3.7.1",
      "resolved": "https://registry.npmjs.org/jquery/-/jquery-3.7.1.tgz",
      "integrity": "sha512-m4avr8yL8kmFN8psrbFFFmB/If14iN5o9nw/NgnnM+kybDJpRsAynV2BsfpTYrTRysYUdADVD7CkUUizgkpLfg=="
    },
    "node_modules/morris": {
      "version": "0.1.4",
      "resolved": "https://registry.npmjs.org/morris/-/morris-0.1.4.tgz",
      "integrity": "sha512-VngPoM/QOH0iX26Mu8oLiJ/lz3cmCzAEaJ5hgsLlFzZFudYstsRLq7dQBJT6aE9pOcdfqh9wUOnqompMBd1u9A==",
      "dependencies": {
        "morrisboard": "0.0.1"
      },
      "bin": {
        "morris": "demo/cli/cli.js"
      }
    },
    "node_modules/morris.js": {
      "version": "0.5.0",
      "resolved": "https://registry.npmjs.org/morris.js/-/morris.js-0.5.0.tgz",
      "integrity": "sha512-qNJUNEcJKzsQoE1OZNzJqmxsFVsuzgN72GUAcwfe6bBl7w381IzOYorRk0jsq2zEgCXC4DYnqQdYwzKjtvU1gg==",
      "engines": {
        "node": ">=0.8 <0.11"
      }
    },
    "node_modules/morrisboard": {
      "version": "0.0.1",
      "resolved": "https://registry.npmjs.org/morrisboard/-/morrisboard-0.0.1.tgz",
      "integrity": "sha512-SuSRffG9/OQCD2R5KsWjSStZsGsOiAr5gX7V/o1vVaNmBdFi/4TZGncLS+RPlI7+Fp1HJGLACAF04zqWpEL+oQ=="
    },
    "node_modules/raphael": {
      "version": "2.3.0",
      "resolved": "https://registry.npmjs.org/raphael/-/raphael-2.3.0.tgz",
      "integrity": "sha512-w2yIenZAQnp257XUWGni4bLMVxpUpcIl7qgxEgDIXtmSypYtlNxfXWpOBxs7LBTps5sDwhRnrToJrMUrivqNTQ==",
      "dependencies": {
        "eve-raphael": "0.5.0"
      }
    }
  }
}
